github.com/davecgh/go-spew v1.1.0/go.mod h1:J7Y8YcW2NihsgmVo/mv3lAwl/skON4iLHjSsI+c5H38=
github.com/pmezard/go-difflib v1.0.0/go.mod h1:iKH77koFhYxTK1pcRnkKkqfTogsbg7gZNVY4sRDYZ/4=
github.com/stretchr/objx v0.1.0/go.mod h1:HFkY916IF+rwdDfMAkV7OtwuqBVzrE8GR6GFx+wExME=
github.com/stretchr/testify v1.3.0/go.mod h1:M5WIy9Dh21IEIfnGCwXGc5bZfKNJtfHm1UVUgZn+9EI=
github.com/urfave/cli v1.20.0/go.mod h1:70zkFmudgCuE/ngEzBv17Jvp/497gISqfk5gWijbERA=
github.com/wasmerio/go-ext-wasm v0.0.0-20191218142541-5e2e4e15d5ed h1:bF6AS72Ns8PP5aPWGFgXz2ER2kXKYWH/krcpmDrn768=
github.com/wasmerio/go-ext-wasm v0.0.0-20191218142541-5e2e4e15d5ed/go.mod h1:B0C/D0a2vNos7Y3IxQhMpGOY9PCuCKfLvfry33a1cKA=
